
Microsoft Visual Studio Solution File, Format Version 12.00
# Visual Studio 15
VisualStudioVersion = 15.0.27130.2027
MinimumVisualStudioVersion = 10.0.40219.1
Project("{2150E333-8FDC-42A3-9474-1A3956D46DE8}") = "Engine", "Engine", "{C73DDD39-BEAC-46D1-9267-BB848B5FEB8C}"
EndProject
Project("{2150E333-8FDC-42A3-9474-1A3956D46DE8}") = "Games", "Games", "{CC843F40-F570-43EB-83A5-AE758BC421A8}"
EndProject
Project("{8BC9CEB8-8B4A-11D0-8D11-00A0C91BC942}") = "UE4", "Intermediate\ProjectFiles\UE4.vcxproj", "{F19F3EF0-E7E6-4292-88FC-91861EB6035D}"
EndProject
Project("{8BC9CEB8-8B4A-11D0-8D11-00A0C91BC942}") = "Strive", "Intermediate\ProjectFiles\Strive.vcxproj", "{1A0642D5-4B45-47DA-A175-B4D15C9A52DB}"
EndProject
Global
	GlobalSection(SolutionConfigurationPlatforms) = preSolution
		DebugGame Editor|HTML5 = DebugGame Editor|HTML5
		DebugGame Editor|Win32 = DebugGame Editor|Win32
		DebugGame Editor|Win64 = DebugGame Editor|Win64
		DebugGame Server|HTML5 = DebugGame Server|HTML5
		DebugGame Server|Win32 = DebugGame Server|Win32
		DebugGame Server|Win64 = DebugGame Server|Win64
		DebugGame|HTML5 = DebugGame|HTML5
		DebugGame|Win32 = DebugGame|Win32
		DebugGame|Win64 = DebugGame|Win64
		Development Editor|HTML5 = Development Editor|HTML5
		Development Editor|Win32 = Development Editor|Win32
		Development Editor|Win64 = Development Editor|Win64
		Development Server|HTML5 = Development Server|HTML5
		Development Server|Win32 = Development Server|Win32
		Development Server|Win64 = Development Server|Win64
		Development|HTML5 = Development|HTML5
		Development|Win32 = Development|Win32
		Development|Win64 = Development|Win64
		Shipping Server|HTML5 = Shipping Server|HTML5
		Shipping Server|Win32 = Shipping Server|Win32
		Shipping Server|Win64 = Shipping Server|Win64
		Shipping|HTML5 = Shipping|HTML5
		Shipping|Win32 = Shipping|Win32
		Shipping|Win64 = Shipping|Win64
	EndGlobalSection
	GlobalSection(ProjectConfigurationPlatforms) = postSolution
		{F19F3EF0-E7E6-4292-88FC-91861EB6035D}.DebugGame Editor|HTML5.ActiveCfg = BuiltWithUnrealBuildTool|Win32
		{F19F3EF0-E7E6-4292-88FC-91861EB6035D}.DebugGame Editor|HTML5.Build.0 = BuiltWithUnrealBuildTool|Win32
		{F19F3EF0-E7E6-4292-88FC-91861EB6035D}.DebugGame Editor|Win32.ActiveCfg = BuiltWithUnrealBuildTool|Win32
		{F19F3EF0-E7E6-4292-88FC-91861EB6035D}.DebugGame Editor|Win32.Build.0 = BuiltWithUnrealBuildTool|Win32
		{F19F3EF0-E7E6-4292-88FC-91861EB6035D}.DebugGame Editor|Win64.ActiveCfg = BuiltWithUnrealBuildTool|Win32
		{F19F3EF0-E7E6-4292-88FC-91861EB6035D}.DebugGame Editor|Win64.Build.0 = BuiltWithUnrealBuildTool|Win32
		{F19F3EF0-E7E6-4292-88FC-91861EB6035D}.DebugGame Server|HTML5.ActiveCfg = BuiltWithUnrealBuildTool|Win32
		{F19F3EF0-E7E6-4292-88FC-91861EB6035D}.DebugGame Server|HTML5.Build.0 = BuiltWithUnrealBuildTool|Win32
		{F19F3EF0-E7E6-4292-88FC-91861EB6035D}.DebugGame Server|Win32.ActiveCfg = BuiltWithUnrealBuildTool|Win32
		{F19F3EF0-E7E6-4292-88FC-91861EB6035D}.DebugGame Server|Win32.Build.0 = BuiltWithUnrealBuildTool|Win32
		{F19F3EF0-E7E6-4292-88FC-91861EB6035D}.DebugGame Server|Win64.ActiveCfg = BuiltWithUnrealBuildTool|Win32
		{F19F3EF0-E7E6-4292-88FC-91861EB6035D}.DebugGame Server|Win64.Build.0 = BuiltWithUnrealBuildTool|Win32
		{F19F3EF0-E7E6-4292-88FC-91861EB6035D}.DebugGame|HTML5.ActiveCfg = BuiltWithUnrealBuildTool|Win32
		{F19F3EF0-E7E6-4292-88FC-91861EB6035D}.DebugGame|HTML5.Build.0 = BuiltWithUnrealBuildTool|Win32
		{F19F3EF0-E7E6-4292-88FC-91861EB6035D}.DebugGame|Win32.ActiveCfg = BuiltWithUnrealBuildTool|Win32
		{F19F3EF0-E7E6-4292-88FC-91861EB6035D}.DebugGame|Win32.Build.0 = BuiltWithUnrealBuildTool|Win32
		{F19F3EF0-E7E6-4292-88FC-91861EB6035D}.DebugGame|Win64.ActiveCfg = BuiltWithUnrealBuildTool|Win32
		{F19F3EF0-E7E6-4292-88FC-91861EB6035D}.DebugGame|Win64.Build.0 = BuiltWithUnrealBuildTool|Win32
		{F19F3EF0-E7E6-4292-88FC-91861EB6035D}.Development Editor|HTML5.ActiveCfg = BuiltWithUnrealBuildTool|Win32
		{F19F3EF0-E7E6-4292-88FC-91861EB6035D}.Development Editor|HTML5.Build.0 = BuiltWithUnrealBuildTool|Win32
		{F19F3EF0-E7E6-4292-88FC-91861EB6035D}.Development Editor|Win32.ActiveCfg = BuiltWithUnrealBuildTool|Win32
		{F19F3EF0-E7E6-4292-88FC-91861EB6035D}.Development Editor|Win32.Build.0 = BuiltWithUnrealBuildTool|Win32
		{F19F3EF0-E7E6-4292-88FC-91861EB6035D}.Development Editor|Win64.ActiveCfg = BuiltWithUnrealBuildTool|Win32
		{F19F3EF0-E7E6-4292-88FC-91861EB6035D}.Development Editor|Win64.Build.0 = BuiltWithUnrealBuildTool|Win32
		{F19F3EF0-E7E6-4292-88FC-91861EB6035D}.Development Server|HTML5.ActiveCfg = BuiltWithUnrealBuildTool|Win32
		{F19F3EF0-E7E6-4292-88FC-91861EB6035D}.Development Server|HTML5.Build.0 = BuiltWithUnrealBuildTool|Win32
		{F19F3EF0-E7E6-4292-88FC-91861EB6035D}.Development Server|Win32.ActiveCfg = BuiltWithUnrealBuildTool|Win32
		{F19F3EF0-E7E6-4292-88FC-91861EB6035D}.Development Server|Win32.Build.0 = BuiltWithUnrealBuildTool|Win32
		{F19F3EF0-E7E6-4292-88FC-91861EB6035D}.Development Server|Win64.ActiveCfg = BuiltWithUnrealBuildTool|Win32
		{F19F3EF0-E7E6-4292-88FC-91861EB6035D}.Development Server|Win64.Build.0 = BuiltWithUnrealBuildTool|Win32
		{F19F3EF0-E7E6-4292-88FC-91861EB6035D}.Development|HTML5.ActiveCfg = BuiltWithUnrealBuildTool|Win32
		{F19F3EF0-E7E6-4292-88FC-91861EB6035D}.Development|HTML5.Build.0 = BuiltWithUnrealBuildTool|Win32
		{F19F3EF0-E7E6-4292-88FC-91861EB6035D}.Development|Win32.ActiveCfg = BuiltWithUnrealBuildTool|Win32
		{F19F3EF0-E7E6-4292-88FC-91861EB6035D}.Development|Win32.Build.0 = BuiltWithUnrealBuildTool|Win32
		{F19F3EF0-E7E6-4292-88FC-91861EB6035D}.Development|Win64.ActiveCfg = BuiltWithUnrealBuildTool|Win32
		{F19F3EF0-E7E6-4292-88FC-91861EB6035D}.Development|Win64.Build.0 = BuiltWithUnrealBuildTool|Win32
		{F19F3EF0-E7E6-4292-88FC-91861EB6035D}.Shipping Server|HTML5.ActiveCfg = BuiltWithUnrealBuildTool|Win32
		{F19F3EF0-E7E6-4292-88FC-91861EB6035D}.Shipping Server|HTML5.Build.0 = BuiltWithUnrealBuildTool|Win32
		{F19F3EF0-E7E6-4292-88FC-91861EB6035D}.Shipping Server|Win32.ActiveCfg = BuiltWithUnrealBuildTool|Win32
		{F19F3EF0-E7E6-4292-88FC-91861EB6035D}.Shipping Server|Win32.Build.0 = BuiltWithUnrealBuildTool|Win32
		{F19F3EF0-E7E6-4292-88FC-91861EB6035D}.Shipping Server|Win64.ActiveCfg = BuiltWithUnrealBuildTool|Win32
		{F19F3EF0-E7E6-4292-88FC-91861EB6035D}.Shipping Server|Win64.Build.0 = BuiltWithUnrealBuildTool|Win32
		{F19F3EF0-E7E6-4292-88FC-91861EB6035D}.Shipping|HTML5.ActiveCfg = BuiltWithUnrealBuildTool|Win32
		{F19F3EF0-E7E6-4292-88FC-91861EB6035D}.Shipping|HTML5.Build.0 = BuiltWithUnrealBuildTool|Win32
		{F19F3EF0-E7E6-4292-88FC-91861EB6035D}.Shipping|Win32.ActiveCfg = BuiltWithUnrealBuildTool|Win32
		{F19F3EF0-E7E6-4292-88FC-91861EB6035D}.Shipping|Win32.Build.0 = BuiltWithUnrealBuildTool|Win32
		{F19F3EF0-E7E6-4292-88FC-91861EB6035D}.Shipping|Win64.ActiveCfg = BuiltWithUnrealBuildTool|Win32
		{F19F3EF0-E7E6-4292-88FC-91861EB6035D}.Shipping|Win64.Build.0 = BuiltWithUnrealBuildTool|Win32
		{1A0642D5-4B45-47DA-A175-B4D15C9A52DB}.DebugGame Editor|HTML5.ActiveCfg = HTML5_DebugGame_Editor|Win32
		{1A0642D5-4B45-47DA-A175-B4D15C9A52DB}.DebugGame Editor|Win32.ActiveCfg = DebugGame_Editor|Win32
		{1A0642D5-4B45-47DA-A175-B4D15C9A52DB}.DebugGame Editor|Win64.ActiveCfg = DebugGame_Editor|x64
		{1A0642D5-4B45-47DA-A175-B4D15C9A52DB}.DebugGame Editor|Win64.Build.0 = DebugGame_Editor|x64
		{1A0642D5-4B45-47DA-A175-B4D15C9A52DB}.DebugGame Server|HTML5.ActiveCfg = HTML5_DebugGame_Server|Win32
		{1A0642D5-4B45-47DA-A175-B4D15C9A52DB}.DebugGame Server|HTML5.Build.0 = HTML5_DebugGame_Server|Win32
		{1A0642D5-4B45-47DA-A175-B4D15C9A52DB}.DebugGame Server|Win32.ActiveCfg = DebugGame_Server|Win32
		{1A0642D5-4B45-47DA-A175-B4D15C9A52DB}.DebugGame Server|Win32.Build.0 = DebugGame_Server|Win32
		{1A0642D5-4B45-47DA-A175-B4D15C9A52DB}.DebugGame Server|Win64.ActiveCfg = DebugGame_Server|x64
		{1A0642D5-4B45-47DA-A175-B4D15C9A52DB}.DebugGame Server|Win64.Build.0 = DebugGame_Server|x64
		{1A0642D5-4B45-47DA-A175-B4D15C9A52DB}.DebugGame|HTML5.ActiveCfg = HTML5_DebugGame_Game|Win32
		{1A0642D5-4B45-47DA-A175-B4D15C9A52DB}.DebugGame|HTML5.Build.0 = HTML5_DebugGame_Game|Win32
		{1A0642D5-4B45-47DA-A175-B4D15C9A52DB}.DebugGame|Win32.ActiveCfg = DebugGame_Game|Win32
		{1A0642D5-4B45-47DA-A175-B4D15C9A52DB}.DebugGame|Win32.Build.0 = DebugGame_Game|Win32
		{1A0642D5-4B45-47DA-A175-B4D15C9A52DB}.DebugGame|Win64.ActiveCfg = DebugGame_Game|x64
		{1A0642D5-4B45-47DA-A175-B4D15C9A52DB}.DebugGame|Win64.Build.0 = DebugGame_Game|x64
		{1A0642D5-4B45-47DA-A175-B4D15C9A52DB}.Development Editor|HTML5.ActiveCfg = HTML5_Development_Editor|Win32
		{1A0642D5-4B45-47DA-A175-B4D15C9A52DB}.Development Editor|Win32.ActiveCfg = Development_Editor|Win32
		{1A0642D5-4B45-47DA-A175-B4D15C9A52DB}.Development Editor|Win64.ActiveCfg = Development_Editor|x64
		{1A0642D5-4B45-47DA-A175-B4D15C9A52DB}.Development Editor|Win64.Build.0 = Development_Editor|x64
		{1A0642D5-4B45-47DA-A175-B4D15C9A52DB}.Development Server|HTML5.ActiveCfg = HTML5_Development_Server|Win32
		{1A0642D5-4B45-47DA-A175-B4D15C9A52DB}.Development Server|HTML5.Build.0 = HTML5_Development_Server|Win32
		{1A0642D5-4B45-47DA-A175-B4D15C9A52DB}.Development Server|Win32.ActiveCfg = Development_Server|Win32
		{1A0642D5-4B45-47DA-A175-B4D15C9A52DB}.Development Server|Win32.Build.0 = Development_Server|Win32
		{1A0642D5-4B45-47DA-A175-B4D15C9A52DB}.Development Server|Win64.ActiveCfg = Development_Server|x64
		{1A0642D5-4B45-47DA-A175-B4D15C9A52DB}.Development Server|Win64.Build.0 = Development_Server|x64
		{1A0642D5-4B45-47DA-A175-B4D15C9A52DB}.Development|HTML5.ActiveCfg = HTML5_Development_Game|Win32
		{1A0642D5-4B45-47DA-A175-B4D15C9A52DB}.Development|HTML5.Build.0 = HTML5_Development_Game|Win32
		{1A0642D5-4B45-47DA-A175-B4D15C9A52DB}.Development|Win32.ActiveCfg = Development_Game|Win32
		{1A0642D5-4B45-47DA-A175-B4D15C9A52DB}.Development|Win32.Build.0 = Development_Game|Win32
		{1A0642D5-4B45-47DA-A175-B4D15C9A52DB}.Development|Win64.ActiveCfg = Development_Game|x64
		{1A0642D5-4B45-47DA-A175-B4D15C9A52DB}.Development|Win64.Build.0 = Development_Game|x64
		{1A0642D5-4B45-47DA-A175-B4D15C9A52DB}.Shipping Server|HTML5.ActiveCfg = HTML5_Shipping_Server|Win32
		{1A0642D5-4B45-47DA-A175-B4D15C9A52DB}.Shipping Server|HTML5.Build.0 = HTML5_Shipping_Server|Win32
		{1A0642D5-4B45-47DA-A175-B4D15C9A52DB}.Shipping Server|Win32.ActiveCfg = Shipping_Server|Win32
		{1A0642D5-4B45-47DA-A175-B4D15C9A52DB}.Shipping Server|Win32.Build.0 = Shipping_Server|Win32
		{1A0642D5-4B45-47DA-A175-B4D15C9A52DB}.Shipping Server|Win64.ActiveCfg = Shipping_Server|x64
		{1A0642D5-4B45-47DA-A175-B4D15C9A52DB}.Shipping Server|Win64.Build.0 = Shipping_Server|x64
		{1A0642D5-4B45-47DA-A175-B4D15C9A52DB}.Shipping|HTML5.ActiveCfg = HTML5_Shipping_Game|Win32
		{1A0642D5-4B45-47DA-A175-B4D15C9A52DB}.Shipping|HTML5.Build.0 = HTML5_Shipping_Game|Win32
		{1A0642D5-4B45-47DA-A175-B4D15C9A52DB}.Shipping|Win32.ActiveCfg = Shipping_Game|Win32
		{1A0642D5-4B45-47DA-A175-B4D15C9A52DB}.Shipping|Win32.Build.0 = Shipping_Game|Win32
		{1A0642D5-4B45-47DA-A175-B4D15C9A52DB}.Shipping|Win64.ActiveCfg = Shipping_Game|x64
		{1A0642D5-4B45-47DA-A175-B4D15C9A52DB}.Shipping|Win64.Build.0 = Shipping_Game|x64
	EndGlobalSection
	GlobalSection(SolutionProperties) = preSolution
		HideSolutionNode = FALSE
	EndGlobalSection
	GlobalSection(NestedProjects) = preSolution
		{F19F3EF0-E7E6-4292-88FC-91861EB6035D} = {C73DDD39-BEAC-46D1-9267-BB848B5FEB8C}
		{1A0642D5-4B45-47DA-A175-B4D15C9A52DB} = {CC843F40-F570-43EB-83A5-AE758BC421A8}
	EndGlobalSection
	GlobalSection(ExtensibilityGlobals) = postSolution
		SolutionGuid = {1AA91529-33C9-457E-9E90-21C13BA7C4D2}
	EndGlobalSection
EndGlobal
